
Microsoft Visual Studio Solution File, Format Version 12.00
# Visual Studio Version 16
VisualStudioVersion = 16.0.31729.503
MinimumVisualStudioVersion = 10.0.40219.1
Project("{E24C65DC-7377-472B-9ABA-BC803B73C61A}") = "Garazs", "Garazs\", "{A9B46C0E-A5E9-43C5-A1DD-945C078C6B69}"
	ProjectSection(WebsiteProperties) = preProject
		TargetFrameworkMoniker = ".NETFramework,Version%3Dv4.7.2"
		Debug.AspNetCompiler.VirtualPath = "/localhost_57318"
		Debug.AspNetCompiler.PhysicalPath = "Garazs\"
		Debug.AspNetCompiler.TargetPath = "PrecompiledWeb\localhost_57318\"
		Debug.AspNetCompiler.Updateable = "true"
		Debug.AspNetCompiler.ForceOverwrite = "true"
		Debug.AspNetCompiler.FixedNames = "false"
		Debug.AspNetCompiler.Debug = "True"
		Release.AspNetCompiler.VirtualPath = "/localhost_57318"
		Release.AspNetCompiler.PhysicalPath = "Garazs\"
		Release.AspNetCompiler.TargetPath = "PrecompiledWeb\localhost_57318\"
		Release.AspNetCompiler.Updateable = "true"
		Release.AspNetCompiler.ForceOverwrite = "true"
		Release.AspNetCompiler.FixedNames = "false"
		Release.AspNetCompiler.Debug = "False"
		VWDPort = "57318"
		SlnRelativePath = "Garazs\"
		DefaultWebSiteLanguage = "Visual C#"
	EndProjectSection
EndProject
Global
	GlobalSection(SolutionConfigurationPlatforms) = preSolution
		Debug|Any CPU = Debug|Any CPU
	EndGlobalSection
	GlobalSection(ProjectConfigurationPlatforms) = postSolution
		{A9B46C0E-A5E9-43C5-A1DD-945C078C6B69}.Debug|Any CPU.ActiveCfg = Debug|Any CPU
		{A9B46C0E-A5E9-43C5-A1DD-945C078C6B69}.Debug|Any CPU.Build.0 = Debug|Any CPU
	EndGlobalSection
	GlobalSection(SolutionProperties) = preSolution
		HideSolutionNode = FALSE
	EndGlobalSection
	GlobalSection(ExtensibilityGlobals) = postSolution
		SolutionGuid = {EB96B440-CBDC-4964-9546-90CF76F85F4C}
	EndGlobalSection
EndGlobal
